
Microsoft Visual Studio Solution File, Format Version 11.00
# Visual Studio 2010
Project("{FAE04EC0-301F-11D3-BF4B-00C04F79EFBC}") = "ConnectionEvents", "ConnectionEvents\ConnectionEvents.csproj", "{6ECA4EA4-05D7-4A07-A585-2E600AC37C25}"
EndProject
Project("{2150E333-8FDC-42A3-9474-1A3956D46DE8}") = "Solution Items", "Solution Items", "{C298F523-74A1-4816-B028-A1CEF3DA32AB}"
	ProjectSection(SolutionItems) = preProject
		ReadMe.md = ReadMe.md
	EndProjectSection
EndProject
Global
	GlobalSection(SolutionConfigurationPlatforms) = preSolution
		Debug|Any CPU = Debug|Any CPU
		Release|Any CPU = Release|Any CPU
	EndGlobalSection
	GlobalSection(ProjectConfigurationPlatforms) = postSolution
		{6ECA4EA4-05D7-4A07-A585-2E600AC37C25}.Debug|Any CPU.ActiveCfg = Debug|Any CPU
		{6ECA4EA4-05D7-4A07-A585-2E600AC37C25}.Debug|Any CPU.Build.0 = Debug|Any CPU
		{6ECA4EA4-05D7-4A07-A585-2E600AC37C25}.Release|Any CPU.ActiveCfg = Release|Any CPU
		{6ECA4EA4-05D7-4A07-A585-2E600AC37C25}.Release|Any CPU.Build.0 = Release|Any CPU
	EndGlobalSection
	GlobalSection(SolutionProperties) = preSolution
		HideSolutionNode = FALSE
	EndGlobalSection
EndGlobal
